
Microsoft Visual Studio Solution File, Format Version 12.00
# Visual Studio Version 17
VisualStudioVersion = 17.8.34330.188
MinimumVisualStudioVersion = 10.0.40219.1
Project("{FAE04EC0-301F-11D3-BF4B-00C04F79EFBC}") = "Signant API", "Signant API\Signant API.csproj", "{173D78DE-D329-40C3-B7D5-CD317F267C07}"
EndProject
Global
	GlobalSection(SolutionConfigurationPlatforms) = preSolution
		Debug|Any CPU = Debug|Any CPU
		Release|Any CPU = Release|Any CPU
	EndGlobalSection
	GlobalSection(ProjectConfigurationPlatforms) = postSolution
		{173D78DE-D329-40C3-B7D5-CD317F267C07}.Debug|Any CPU.ActiveCfg = Debug|Any CPU
		{173D78DE-D329-40C3-B7D5-CD317F267C07}.Debug|Any CPU.Build.0 = Debug|Any CPU
		{173D78DE-D329-40C3-B7D5-CD317F267C07}.Release|Any CPU.ActiveCfg = Release|Any CPU
		{173D78DE-D329-40C3-B7D5-CD317F267C07}.Release|Any CPU.Build.0 = Release|Any CPU
	EndGlobalSection
	GlobalSection(SolutionProperties) = preSolution
		HideSolutionNode = FALSE
	EndGlobalSection
	GlobalSection(ExtensibilityGlobals) = postSolution
		SolutionGuid = {D13B2CED-364F-4225-A538-5BD44F998E73}
	EndGlobalSection
EndGlobal
